
Microsoft Visual Studio Solution File, Format Version 12.00
# Visual Studio Version 17
VisualStudioVersion = 17.9.34723.18
MinimumVisualStudioVersion = 10.0.40219.1
Project("{8BC9CEB8-8B4A-11D0-8D11-00A0C91BC942}") = "GameCaro", "GameCaro\GameCaro.vcxproj", "{890A0257-2876-4DA1-A968-4F79925BBD64}"
EndProject
Global
	GlobalSection(SolutionConfigurationPlatforms) = preSolution
		Debug|x64 = Debug|x64
		Debug|x86 = Debug|x86
		Release|x64 = Release|x64
		Release|x86 = Release|x86
	EndGlobalSection
	GlobalSection(ProjectConfigurationPlatforms) = postSolution
		{890A0257-2876-4DA1-A968-4F79925BBD64}.Debug|x64.ActiveCfg = Debug|x64
		{890A0257-2876-4DA1-A968-4F79925BBD64}.Debug|x64.Build.0 = Debug|x64
		{890A0257-2876-4DA1-A968-4F79925BBD64}.Debug|x86.ActiveCfg = Debug|Win32
		{890A0257-2876-4DA1-A968-4F79925BBD64}.Debug|x86.Build.0 = Debug|Win32
		{890A0257-2876-4DA1-A968-4F79925BBD64}.Release|x64.ActiveCfg = Release|x64
		{890A0257-2876-4DA1-A968-4F79925BBD64}.Release|x64.Build.0 = Release|x64
		{890A0257-2876-4DA1-A968-4F79925BBD64}.Release|x86.ActiveCfg = Release|Win32
		{890A0257-2876-4DA1-A968-4F79925BBD64}.Release|x86.Build.0 = Release|Win32
	EndGlobalSection
	GlobalSection(SolutionProperties) = preSolution
		HideSolutionNode = FALSE
	EndGlobalSection
	GlobalSection(ExtensibilityGlobals) = postSolution
		SolutionGuid = {9BFE04A9-5679-4828-BD4E-F0FA607DA52A}
	EndGlobalSection
EndGlobal
